
Microsoft Visual Studio Solution File, Format Version 12.00
# Visual Studio Version 17
VisualStudioVersion = 17.4.33213.308
MinimumVisualStudioVersion = 10.0.40219.1
Project("{8BC9CEB8-8B4A-11D0-8D11-00A0C91BC942}") = "第七题递归", "第七题递归.vcxproj", "{3471F204-BFEA-4670-875C-992C2C5F1394}"
EndProject
Global
	GlobalSection(SolutionConfigurationPlatforms) = preSolution
		Debug|x64 = Debug|x64
		Debug|x86 = Debug|x86
		Release|x64 = Release|x64
		Release|x86 = Release|x86
	EndGlobalSection
	GlobalSection(ProjectConfigurationPlatforms) = postSolution
		{3471F204-BFEA-4670-875C-992C2C5F1394}.Debug|x64.ActiveCfg = Debug|x64
		{3471F204-BFEA-4670-875C-992C2C5F1394}.Debug|x64.Build.0 = Debug|x64
		{3471F204-BFEA-4670-875C-992C2C5F1394}.Debug|x86.ActiveCfg = Debug|Win32
		{3471F204-BFEA-4670-875C-992C2C5F1394}.Debug|x86.Build.0 = Debug|Win32
		{3471F204-BFEA-4670-875C-992C2C5F1394}.Release|x64.ActiveCfg = Release|x64
		{3471F204-BFEA-4670-875C-992C2C5F1394}.Release|x64.Build.0 = Release|x64
		{3471F204-BFEA-4670-875C-992C2C5F1394}.Release|x86.ActiveCfg = Release|Win32
		{3471F204-BFEA-4670-875C-992C2C5F1394}.Release|x86.Build.0 = Release|Win32
	EndGlobalSection
	GlobalSection(SolutionProperties) = preSolution
		HideSolutionNode = FALSE
	EndGlobalSection
	GlobalSection(ExtensibilityGlobals) = postSolution
		SolutionGuid = {0B8C6463-3394-4BCC-893D-4609A5966254}
	EndGlobalSection
EndGlobal
