
Microsoft Visual Studio Solution File, Format Version 12.00
# Visual Studio Version 17
VisualStudioVersion = 17.4.33213.308
MinimumVisualStudioVersion = 10.0.40219.1
Project("{8BC9CEB8-8B4A-11D0-8D11-00A0C91BC942}") = "第三题", "第三题.vcxproj", "{BBD181ED-58E5-4057-B715-C7D1213C9DEE}"
EndProject
Global
	GlobalSection(SolutionConfigurationPlatforms) = preSolution
		Debug|x64 = Debug|x64
		Debug|x86 = Debug|x86
		Release|x64 = Release|x64
		Release|x86 = Release|x86
	EndGlobalSection
	GlobalSection(ProjectConfigurationPlatforms) = postSolution
		{BBD181ED-58E5-4057-B715-C7D1213C9DEE}.Debug|x64.ActiveCfg = Debug|x64
		{BBD181ED-58E5-4057-B715-C7D1213C9DEE}.Debug|x64.Build.0 = Debug|x64
		{BBD181ED-58E5-4057-B715-C7D1213C9DEE}.Debug|x86.ActiveCfg = Debug|Win32
		{BBD181ED-58E5-4057-B715-C7D1213C9DEE}.Debug|x86.Build.0 = Debug|Win32
		{BBD181ED-58E5-4057-B715-C7D1213C9DEE}.Release|x64.ActiveCfg = Release|x64
		{BBD181ED-58E5-4057-B715-C7D1213C9DEE}.Release|x64.Build.0 = Release|x64
		{BBD181ED-58E5-4057-B715-C7D1213C9DEE}.Release|x86.ActiveCfg = Release|Win32
		{BBD181ED-58E5-4057-B715-C7D1213C9DEE}.Release|x86.Build.0 = Release|Win32
	EndGlobalSection
	GlobalSection(SolutionProperties) = preSolution
		HideSolutionNode = FALSE
	EndGlobalSection
	GlobalSection(ExtensibilityGlobals) = postSolution
		SolutionGuid = {6E5BF00A-C4E1-4A76-A4E1-E7A5BE48415F}
	EndGlobalSection
EndGlobal
