
Microsoft Visual Studio Solution File, Format Version 12.00
# Visual Studio Version 17
VisualStudioVersion = 17.4.33213.308
MinimumVisualStudioVersion = 10.0.40219.1
Project("{8BC9CEB8-8B4A-11D0-8D11-00A0C91BC942}") = "第三题", "第三题.vcxproj", "{67494BE7-CFE6-4612-8962-63C246782315}"
EndProject
Global
	GlobalSection(SolutionConfigurationPlatforms) = preSolution
		Debug|x64 = Debug|x64
		Debug|x86 = Debug|x86
		Release|x64 = Release|x64
		Release|x86 = Release|x86
	EndGlobalSection
	GlobalSection(ProjectConfigurationPlatforms) = postSolution
		{67494BE7-CFE6-4612-8962-63C246782315}.Debug|x64.ActiveCfg = Debug|x64
		{67494BE7-CFE6-4612-8962-63C246782315}.Debug|x64.Build.0 = Debug|x64
		{67494BE7-CFE6-4612-8962-63C246782315}.Debug|x86.ActiveCfg = Debug|Win32
		{67494BE7-CFE6-4612-8962-63C246782315}.Debug|x86.Build.0 = Debug|Win32
		{67494BE7-CFE6-4612-8962-63C246782315}.Release|x64.ActiveCfg = Release|x64
		{67494BE7-CFE6-4612-8962-63C246782315}.Release|x64.Build.0 = Release|x64
		{67494BE7-CFE6-4612-8962-63C246782315}.Release|x86.ActiveCfg = Release|Win32
		{67494BE7-CFE6-4612-8962-63C246782315}.Release|x86.Build.0 = Release|Win32
	EndGlobalSection
	GlobalSection(SolutionProperties) = preSolution
		HideSolutionNode = FALSE
	EndGlobalSection
	GlobalSection(ExtensibilityGlobals) = postSolution
		SolutionGuid = {E674A0A8-2FCC-4404-9F7A-99BA1DF76867}
	EndGlobalSection
EndGlobal
